
Microsoft Visual Studio Solution File, Format Version 12.00
# Visual Studio Version 17
VisualStudioVersion = 17.7.34003.232
MinimumVisualStudioVersion = 10.0.40219.1
Project("{FAE04EC0-301F-11D3-BF4B-00C04F79EFBC}") = "GuessANumber", "GuessANumber\GuessANumber.csproj", "{8664E12F-B811-4708-9890-30941826BFD2}"
EndProject
Global
	GlobalSection(SolutionConfigurationPlatforms) = preSolution
		Debug|Any CPU = Debug|Any CPU
		Release|Any CPU = Release|Any CPU
	EndGlobalSection
	GlobalSection(ProjectConfigurationPlatforms) = postSolution
		{8664E12F-B811-4708-9890-30941826BFD2}.Debug|Any CPU.ActiveCfg = Debug|Any CPU
		{8664E12F-B811-4708-9890-30941826BFD2}.Debug|Any CPU.Build.0 = Debug|Any CPU
		{8664E12F-B811-4708-9890-30941826BFD2}.Release|Any CPU.ActiveCfg = Release|Any CPU
		{8664E12F-B811-4708-9890-30941826BFD2}.Release|Any CPU.Build.0 = Release|Any CPU
	EndGlobalSection
	GlobalSection(SolutionProperties) = preSolution
		HideSolutionNode = FALSE
	EndGlobalSection
	GlobalSection(ExtensibilityGlobals) = postSolution
		SolutionGuid = {9870951C-D26D-4549-84C0-4B8856B0BC98}
	EndGlobalSection
EndGlobal
